Microsoft Visual Studio Solution File, Format Version 12.00
# Visual Studio Version 17
VisualStudioVersion = 17.5.2.0
MinimumVisualStudioVersion = 10.0.40219.1
Project("{2150E333-8FDC-42A3-9474-1A3956D46DE8}") = "services", "services", "{5854FF58-B8C5-05C6-5BF2-ACE42193F22B}"
EndProject
Project("{2150E333-8FDC-42A3-9474-1A3956D46DE8}") = "shared", "shared", "{4F52FD11-658E-A102-6CD3-7D7C16FFA15B}"
EndProject
Project("{FAE04EC0-301F-11D3-BF4B-00C04F79EFBC}") = "ApiGateway", "services\api-gateway\ApiGateway.csproj", "{44D5A4AF-75DA-BD31-914C-FA65685E0962}"
EndProject
Project("{FAE04EC0-301F-11D3-BF4B-00C04F79EFBC}") = "AuthService", "services\auth-service\AuthService.csproj", "{3A922A7B-2626-E605-B3D2-C575D940BF2B}"
EndProject
Project("{FAE04EC0-301F-11D3-BF4B-00C04F79EFBC}") = "OrderingService", "services\ordering-service\OrderingService.csproj", "{801D661D-1892-26DF-0583-88DF758E559C}"
EndProject
Project("{FAE04EC0-301F-11D3-BF4B-00C04F79EFBC}") = "PaymentService", "services\payment-service\PaymentService.csproj", "{C872CDA8-6293-F894-D08F-80B95EBE8EA6}"
EndProject
Project("{FAE04EC0-301F-11D3-BF4B-00C04F79EFBC}") = "WelcomeService", "services\welcome-service\WelcomeService.csproj", "{C6919A80-46EA-1122-23D8-308C581A7DDF}"
EndProject
Project("{FAE04EC0-301F-11D3-BF4B-00C04F79EFBC}") = "SharedAuth", "shared\auth\SharedAuth.csproj", "{982175F5-E297-8F47-8903-08479EC16422}"
EndProject
Project("{FAE04EC0-301F-11D3-BF4B-00C04F79EFBC}") = "SharedCache", "shared\cache\SharedCache.csproj", "{4D360679-A9B8-A4B5-50A0-849AEEF18529}"
EndProject
Project("{FAE04EC0-301F-11D3-BF4B-00C04F79EFBC}") = "SharedCommon", "shared\common\SharedCommon.csproj", "{CF3CDD47-7FFB-0258-AC4A-10DF5A9DDB52}"
EndProject
Project("{FAE04EC0-301F-11D3-BF4B-00C04F79EFBC}") = "SharedEvents", "shared\events\SharedEvents.csproj", "{6A9515AB-BAC9-0C30-8128-4E2136FBA595}"
EndProject
Project("{FAE04EC0-301F-11D3-BF4B-00C04F79EFBC}") = "SharedMessaging", "shared\messaging\SharedMessaging.csproj", "{9187480B-0442-1135-9CF3-ACFBF332B504}"
EndProject
Global
	GlobalSection(SolutionConfigurationPlatforms) = preSolution
		Debug|Any CPU = Debug|Any CPU
		Release|Any CPU = Release|Any CPU
	EndGlobalSection
	GlobalSection(ProjectConfigurationPlatforms) = postSolution
		{44D5A4AF-75DA-BD31-914C-FA65685E0962}.Debug|Any CPU.ActiveCfg = Debug|Any CPU
		{44D5A4AF-75DA-BD31-914C-FA65685E0962}.Debug|Any CPU.Build.0 = Debug|Any CPU
		{44D5A4AF-75DA-BD31-914C-FA65685E0962}.Release|Any CPU.ActiveCfg = Release|Any CPU
		{44D5A4AF-75DA-BD31-914C-FA65685E0962}.Release|Any CPU.Build.0 = Release|Any CPU
		{3A922A7B-2626-E605-B3D2-C575D940BF2B}.Debug|Any CPU.ActiveCfg = Debug|Any CPU
		{3A922A7B-2626-E605-B3D2-C575D940BF2B}.Debug|Any CPU.Build.0 = Debug|Any CPU
		{3A922A7B-2626-E605-B3D2-C575D940BF2B}.Release|Any CPU.ActiveCfg = Release|Any CPU
		{3A922A7B-2626-E605-B3D2-C575D940BF2B}.Release|Any CPU.Build.0 = Release|Any CPU
		{801D661D-1892-26DF-0583-88DF758E559C}.Debug|Any CPU.ActiveCfg = Debug|Any CPU
		{801D661D-1892-26DF-0583-88DF758E559C}.Debug|Any CPU.Build.0 = Debug|Any CPU
		{801D661D-1892-26DF-0583-88DF758E559C}.Release|Any CPU.ActiveCfg = Release|Any CPU
		{801D661D-1892-26DF-0583-88DF758E559C}.Release|Any CPU.Build.0 = Release|Any CPU
		{C872CDA8-6293-F894-D08F-80B95EBE8EA6}.Debug|Any CPU.ActiveCfg = Debug|Any CPU
		{C872CDA8-6293-F894-D08F-80B95EBE8EA6}.Debug|Any CPU.Build.0 = Debug|Any CPU
		{C872CDA8-6293-F894-D08F-80B95EBE8EA6}.Release|Any CPU.ActiveCfg = Release|Any CPU
		{C872CDA8-6293-F894-D08F-80B95EBE8EA6}.Release|Any CPU.Build.0 = Release|Any CPU
		{C6919A80-46EA-1122-23D8-308C581A7DDF}.Debug|Any CPU.ActiveCfg = Debug|Any CPU
		{C6919A80-46EA-1122-23D8-308C581A7DDF}.Debug|Any CPU.Build.0 = Debug|Any CPU
		{C6919A80-46EA-1122-23D8-308C581A7DDF}.Release|Any CPU.ActiveCfg = Release|Any CPU
		{C6919A80-46EA-1122-23D8-308C581A7DDF}.Release|Any CPU.Build.0 = Release|Any CPU
		{982175F5-E297-8F47-8903-08479EC16422}.Debug|Any CPU.ActiveCfg = Debug|Any CPU
		{982175F5-E297-8F47-8903-08479EC16422}.Debug|Any CPU.Build.0 = Debug|Any CPU
		{982175F5-E297-8F47-8903-08479EC16422}.Release|Any CPU.ActiveCfg = Release|Any CPU
		{982175F5-E297-8F47-8903-08479EC16422}.Release|Any CPU.Build.0 = Release|Any CPU
		{4D360679-A9B8-A4B5-50A0-849AEEF18529}.Debug|Any CPU.ActiveCfg = Debug|Any CPU
		{4D360679-A9B8-A4B5-50A0-849AEEF18529}.Debug|Any CPU.Build.0 = Debug|Any CPU
		{4D360679-A9B8-A4B5-50A0-849AEEF18529}.Release|Any CPU.ActiveCfg = Release|Any CPU
		{4D360679-A9B8-A4B5-50A0-849AEEF18529}.Release|Any CPU.Build.0 = Release|Any CPU
		{CF3CDD47-7FFB-0258-AC4A-10DF5A9DDB52}.Debug|Any CPU.ActiveCfg = Debug|Any CPU
		{CF3CDD47-7FFB-0258-AC4A-10DF5A9DDB52}.Debug|Any CPU.Build.0 = Debug|Any CPU
		{CF3CDD47-7FFB-0258-AC4A-10DF5A9DDB52}.Release|Any CPU.ActiveCfg = Release|Any CPU
		{CF3CDD47-7FFB-0258-AC4A-10DF5A9DDB52}.Release|Any CPU.Build.0 = Release|Any CPU
		{6A9515AB-BAC9-0C30-8128-4E2136FBA595}.Debug|Any CPU.ActiveCfg = Debug|Any CPU
		{6A9515AB-BAC9-0C30-8128-4E2136FBA595}.Debug|Any CPU.Build.0 = Debug|Any CPU
		{6A9515AB-BAC9-0C30-8128-4E2136FBA595}.Release|Any CPU.ActiveCfg = Release|Any CPU
		{6A9515AB-BAC9-0C30-8128-4E2136FBA595}.Release|Any CPU.Build.0 = Release|Any CPU
		{9187480B-0442-1135-9CF3-ACFBF332B504}.Debug|Any CPU.ActiveCfg = Debug|Any CPU
		{9187480B-0442-1135-9CF3-ACFBF332B504}.Debug|Any CPU.Build.0 = Debug|Any CPU
		{9187480B-0442-1135-9CF3-ACFBF332B504}.Release|Any CPU.ActiveCfg = Release|Any CPU
		{9187480B-0442-1135-9CF3-ACFBF332B504}.Release|Any CPU.Build.0 = Release|Any CPU
	EndGlobalSection
	GlobalSection(SolutionProperties) = preSolution
		HideSolutionNode = FALSE
	EndGlobalSection
	GlobalSection(NestedProjects) = preSolution
		{44D5A4AF-75DA-BD31-914C-FA65685E0962} = {5854FF58-B8C5-05C6-5BF2-ACE42193F22B}
		{3A922A7B-2626-E605-B3D2-C575D940BF2B} = {5854FF58-B8C5-05C6-5BF2-ACE42193F22B}
		{801D661D-1892-26DF-0583-88DF758E559C} = {5854FF58-B8C5-05C6-5BF2-ACE42193F22B}
		{C872CDA8-6293-F894-D08F-80B95EBE8EA6} = {5854FF58-B8C5-05C6-5BF2-ACE42193F22B}
		{C6919A80-46EA-1122-23D8-308C581A7DDF} = {5854FF58-B8C5-05C6-5BF2-ACE42193F22B}
		{982175F5-E297-8F47-8903-08479EC16422} = {4F52FD11-658E-A102-6CD3-7D7C16FFA15B}
		{4D360679-A9B8-A4B5-50A0-849AEEF18529} = {4F52FD11-658E-A102-6CD3-7D7C16FFA15B}
		{CF3CDD47-7FFB-0258-AC4A-10DF5A9DDB52} = {4F52FD11-658E-A102-6CD3-7D7C16FFA15B}
		{6A9515AB-BAC9-0C30-8128-4E2136FBA595} = {4F52FD11-658E-A102-6CD3-7D7C16FFA15B}
		{9187480B-0442-1135-9CF3-ACFBF332B504} = {4F52FD11-658E-A102-6CD3-7D7C16FFA15B}
	EndGlobalSection
	GlobalSection(ExtensibilityGlobals) = postSolution
		SolutionGuid = {4ADD39AB-EE1F-454C-BDCF-DEDE0F0C1337}
	EndGlobalSection
EndGlobal
